// !$*UTF8*$!
{
	archiveVersion = 1;
	classes = {
	};
	objectVersion = 56;
	objects = {

/* Begin PBXBuildFile section */
		1D16B0C5290695D30034275E /* HandleView.swift in Sources */ = {isa = PBXBuildFile; fileRef = 1D16B0C4290695D30034275E /* HandleView.swift */; };
		1DAD607029114D0600526E8F /* Vibrate.swift in Sources */ = {isa = PBXBuildFile; fileRef = 1DAD606F29114D0600526E8F /* Vibrate.swift */; };
		1DB2186429050CFF00988B95 /* AppDelegate.swift in Sources */ = {isa = PBXBuildFile; fileRef = 1DB2186329050CFF00988B95 /* AppDelegate.swift */; };
		1DB2186629050CFF00988B95 /* SceneDelegate.swift in Sources */ = {isa = PBXBuildFile; fileRef = 1DB2186529050CFF00988B95 /* SceneDelegate.swift */; };
		1DB2186829050CFF00988B95 /* ViewController.swift in Sources */ = {isa = PBXBuildFile; fileRef = 1DB2186729050CFF00988B95 /* ViewController.swift */; };
		1DB2186B29050CFF00988B95 /* Main.storyboard in Resources */ = {isa = PBXBuildFile; fileRef = 1DB2186929050CFF00988B95 /* Main.storyboard */; };
		1DB2186D29050D0000988B95 /* Assets.xcassets in Resources */ = {isa = PBXBuildFile; fileRef = 1DB2186C29050D0000988B95 /* Assets.xcassets */; };
		1DB2187029050D0000988B95 /* LaunchScreen.storyboard in Resources */ = {isa = PBXBuildFile; fileRef = 1DB2186E29050D0000988B95 /* LaunchScreen.storyboard */; };
		1DB2187B29050D0000988B95 /* RulerScaleTests.swift in Sources */ = {isa = PBXBuildFile; fileRef = 1DB2187A29050D0000988B95 /* RulerScaleTests.swift */; };
		1DB2188529050D0000988B95 /* RulerScaleUITests.swift in Sources */ = {isa = PBXBuildFile; fileRef = 1DB2188429050D0000988B95 /* RulerScaleUITests.swift */; };
		1DB2188729050D0000988B95 /* RulerScaleUITestsLaunchTests.swift in Sources */ = {isa = PBXBuildFile; fileRef = 1DB2188629050D0000988B95 /* RulerScaleUITestsLaunchTests.swift */; };
		1DB2189429050D6A00988B95 /* ScaleView.swift in Sources */ = {isa = PBXBuildFile; fileRef = 1DB2189329050D6A00988B95 /* ScaleView.swift */; };
		1DF4B66E290AB62D00C159C7 /* ScaleView.xib in Resources */ = {isa = PBXBuildFile; fileRef = 1DF4B66D290AB62D00C159C7 /* ScaleView.xib */; };
/* End PBXBuildFile section */

/* Begin PBXContainerItemProxy section */
		1DB2187729050D0000988B95 /* PBXContainerItemProxy */ = {
			isa = PBXContainerItemProxy;
			containerPortal = 1DB2185829050CFF00988B95 /* Project object */;
			proxyType = 1;
			remoteGlobalIDString = 1DB2185F29050CFF00988B95;
			remoteInfo = RulerScale;
		};
		1DB2188129050D0000988B95 /* PBXContainerItemProxy */ = {
			isa = PBXContainerItemProxy;
			containerPortal = 1DB2185829050CFF00988B95 /* Project object */;
			proxyType = 1;
			remoteGlobalIDString = 1DB2185F29050CFF00988B95;
			remoteInfo = RulerScale;
		};
/* End PBXContainerItemProxy section */

/* Begin PBXFileReference section */
		1D16B0C4290695D30034275E /* HandleView.swift */ = {isa = PBXFileReference; lastKnownFileType = sourcecode.swift; path = HandleView.swift; sourceTree = "<group>"; };
		1DAD606F29114D0600526E8F /* Vibrate.swift */ = {isa = PBXFileReference; lastKnownFileType = sourcecode.swift; path = Vibrate.swift; sourceTree = "<group>"; };
		1DB2186029050CFF00988B95 /* RulerScale.app */ = {isa = PBXFileReference; explicitFileType = wrapper.application; includeInIndex = 0; path = RulerScale.app; sourceTree = BUILT_PRODUCTS_DIR; };
		1DB2186329050CFF00988B95 /* AppDelegate.swift */ = {isa = PBXFileReference; lastKnownFileType = sourcecode.swift; path = AppDelegate.swift; sourceTree = "<group>"; };
		1DB2186529050CFF00988B95 /* SceneDelegate.swift */ = {isa = PBXFileReference; lastKnownFileType = sourcecode.swift; path = SceneDelegate.swift; sourceTree = "<group>"; };
		1DB2186729050CFF00988B95 /* ViewController.swift */ = {isa = PBXFileReference; lastKnownFileType = sourcecode.swift; path = ViewController.swift; sourceTree = "<group>"; };
		1DB2186A29050CFF00988B95 /* Base */ = {isa = PBXFileReference; lastKnownFileType = file.storyboard; name = Base; path = Base.lproj/Main.storyboard; sourceTree = "<group>"; };
		1DB2186C29050D0000988B95 /* Assets.xcassets */ = {isa = PBXFileReference; lastKnownFileType = folder.assetcatalog; path = Assets.xcassets; sourceTree = "<group>"; };
		1DB2186F29050D0000988B95 /* Base */ = {isa = PBXFileReference; lastKnownFileType = file.storyboard; name = Base; path = Base.lproj/LaunchScreen.storyboard; sourceTree = "<group>"; };
		1DB2187129050D0000988B95 /* Info.plist */ = {isa = PBXFileReference; lastKnownFileType = text.plist.xml; path = Info.plist; sourceTree = "<group>"; };
		1DB2187629050D0000988B95 /* RulerScaleTests.xctest */ = {isa = PBXFileReference; explicitFileType = wrapper.cfbundle; includeInIndex = 0; path = RulerScaleTests.xctest; sourceTree = BUILT_PRODUCTS_DIR; };
		1DB2187A29050D0000988B95 /* RulerScaleTests.swift */ = {isa = PBXFileReference; lastKnownFileType = sourcecode.swift; path = RulerScaleTests.swift; sourceTree = "<group>"; };
		1DB2188029050D0000988B95 /* RulerScaleUITests.xctest */ = {isa = PBXFileReference; explicitFileType = wrapper.cfbundle; includeInIndex = 0; path = RulerScaleUITests.xctest; sourceTree = BUILT_PRODUCTS_DIR; };
		1DB2188429050D0000988B95 /* RulerScaleUITests.swift */ = {isa = PBXFileReference; lastKnownFileType = sourcecode.swift; path = RulerScaleUITests.swift; sourceTree = "<group>"; };
		1DB2188629050D0000988B95 /* RulerScaleUITestsLaunchTests.swift */ = {isa = PBXFileReference; lastKnownFileType = sourcecode.swift; path = RulerScaleUITestsLaunchTests.swift; sourceTree = "<group>"; };
		1DB2189329050D6A00988B95 /* ScaleView.swift */ = {isa = PBXFileReference; lastKnownFileType = sourcecode.swift; path = ScaleView.swift; sourceTree = "<group>"; };
		1DF4B66D290AB62D00C159C7 /* ScaleView.xib */ = {isa = PBXFileReference; lastKnownFileType = file.xib; path = ScaleView.xib; sourceTree = "<group>"; };
/* End PBXFileReference section */

/* Begin PBXFrameworksBuildPhase section */
		1DB2185D29050CFF00988B95 /* Frameworks */ = {
			isa = PBXFrameworksBuildPhase;
			buildActionMask = 2147483647;
			files = (
			);
			runOnlyForDeploymentPostprocessing = 0;
		};
		1DB2187329050D0000988B95 /* Frameworks */ = {
			isa = PBXFrameworksBuildPhase;
			buildActionMask = 2147483647;
			files = (
			);
			runOnlyForDeploymentPostprocessing = 0;
		};
		1DB2187D29050D0000988B95 /* Frameworks */ = {
			isa = PBXFrameworksBuildPhase;
			buildActionMask = 2147483647;
			files = (
			);
			runOnlyForDeploymentPostprocessing = 0;
		};
/* End PBXFrameworksBuildPhase section */

/* Begin PBXGroup section */
		1DB2185729050CFF00988B95 = {
			isa = PBXGroup;
			children = (
				1DB2186229050CFF00988B95 /* RulerScale */,
				1DB2187929050D0000988B95 /* RulerScaleTests */,
				1DB2188329050D0000988B95 /* RulerScaleUITests */,
				1DB2186129050CFF00988B95 /* Products */,
			);
			sourceTree = "<group>";
		};
		1DB2186129050CFF00988B95 /* Products */ = {
			isa = PBXGroup;
			children = (
				1DB2186029050CFF00988B95 /* RulerScale.app */,
				1DB2187629050D0000988B95 /* RulerScaleTests.xctest */,
				1DB2188029050D0000988B95 /* RulerScaleUITests.xctest */,
			);
			name = Products;
			sourceTree = "<group>";
		};
		1DB2186229050CFF00988B95 /* RulerScale */ = {
			isa = PBXGroup;
			children = (
				1DB2186329050CFF00988B95 /* AppDelegate.swift */,
				1DB2186529050CFF00988B95 /* SceneDelegate.swift */,
				1DB2186729050CFF00988B95 /* ViewController.swift */,
				1DAD606F29114D0600526E8F /* Vibrate.swift */,
				1DB2186929050CFF00988B95 /* Main.storyboard */,
				1DB2189329050D6A00988B95 /* ScaleView.swift */,
				1DF4B66D290AB62D00C159C7 /* ScaleView.xib */,
				1D16B0C4290695D30034275E /* HandleView.swift */,
				1DB2186C29050D0000988B95 /* Assets.xcassets */,
				1DB2186E29050D0000988B95 /* LaunchScreen.storyboard */,
				1DB2187129050D0000988B95 /* Info.plist */,
			);
			path = RulerScale;
			sourceTree = "<group>";
		};
		1DB2187929050D0000988B95 /* RulerScaleTests */ = {
			isa = PBXGroup;
			children = (
				1DB2187A29050D0000988B95 /* RulerScaleTests.swift */,
			);
			path = RulerScaleTests;
			sourceTree = "<group>";
		};
		1DB2188329050D0000988B95 /* RulerScaleUITests */ = {
			isa = PBXGroup;
			children = (
				1DB2188429050D0000988B95 /* RulerScaleUITests.swift */,
				1DB2188629050D0000988B95 /* RulerScaleUITestsLaunchTests.swift */,
			);
			path = RulerScaleUITests;
			sourceTree = "<group>";
		};
/* End PBXGroup section */

/* Begin PBXNativeTarget section */
		1DB2185F29050CFF00988B95 /* RulerScale */ = {
			isa = PBXNativeTarget;
			buildConfigurationList = 1DB2188A29050D0000988B95 /* Build configuration list for PBXNativeTarget "RulerScale" */;
			buildPhases = (
				1DB2185C29050CFF00988B95 /* Sources */,
				1DB2185D29050CFF00988B95 /* Frameworks */,
				1DB2185E29050CFF00988B95 /* Resources */,
			);
			buildRules = (
			);
			dependencies = (
			);
			name = RulerScale;
			productName = RulerScale;
			productReference = 1DB2186029050CFF00988B95 /* RulerScale.app */;
			productType = "com.apple.product-type.application";
		};
		1DB2187529050D0000988B95 /* RulerScaleTests */ = {
			isa = PBXNativeTarget;
			buildConfigurationList = 1DB2188D29050D0000988B95 /* Build configuration list for PBXNativeTarget "RulerScaleTests" */;
			buildPhases = (
				1DB2187229050D0000988B95 /* Sources */,
				1DB2187329050D0000988B95 /* Frameworks */,
				1DB2187429050D0000988B95 /* Resources */,
			);
			buildRules = (
			);
			dependencies = (
				1DB2187829050D0000988B95 /* PBXTargetDependency */,
			);
			name = RulerScaleTests;
			productName = RulerScaleTests;
			productReference = 1DB2187629050D0000988B95 /* RulerScaleTests.xctest */;
			productType = "com.apple.product-type.bundle.unit-test";
		};
		1DB2187F29050D0000988B95 /* RulerScaleUITests */ = {
			isa = PBXNativeTarget;
			buildConfigurationList = 1DB2189029050D0000988B95 /* Build configuration list for PBXNativeTarget "RulerScaleUITests" */;
			buildPhases = (
				1DB2187C29050D0000988B95 /* Sources */,
				1DB2187D29050D0000988B95 /* Frameworks */,
				1DB2187E29050D0000988B95 /* Resources */,
			);
			buildRules = (
			);
			dependencies = (
				1DB2188229050D0000988B95 /* PBXTargetDependency */,
			);
			name = RulerScaleUITests;
			productName = RulerScaleUITests;
			productReference = 1DB2188029050D0000988B95 /* RulerScaleUITests.xctest */;
			productType = "com.apple.product-type.bundle.ui-testing";
		};
/* End PBXNativeTarget section */

/* Begin PBXProject section */
		1DB2185829050CFF00988B95 /* Project object */ = {
			isa = PBXProject;
			attributes = {
				BuildIndependentTargetsInParallel = 1;
				LastSwiftUpdateCheck = 1400;
				LastUpgradeCheck = 1400;
				TargetAttributes = {
					1DB2185F29050CFF00988B95 = {
						CreatedOnToolsVersion = 14.0;
					};
					1DB2187529050D0000988B95 = {
						CreatedOnToolsVersion = 14.0;
						TestTargetID = 1DB2185F29050CFF00988B95;
					};
					1DB2187F29050D0000988B95 = {
						CreatedOnToolsVersion = 14.0;
						TestTargetID = 1DB2185F29050CFF00988B95;
					};
				};
			};
			buildConfigurationList = 1DB2185B29050CFF00988B95 /* Build configuration list for PBXProject "RulerScale" */;
			compatibilityVersion = "Xcode 14.0";
			developmentRegion = en;
			hasScannedForEncodings = 0;
			knownRegions = (
				en,
				Base,
			);
			mainGroup = 1DB2185729050CFF00988B95;
			productRefGroup = 1DB2186129050CFF00988B95 /* Products */;
			projectDirPath = "";
			projectRoot = "";
			targets = (
				1DB2185F29050CFF00988B95 /* RulerScale */,
				1DB2187529050D0000988B95 /* RulerScaleTests */,
				1DB2187F29050D0000988B95 /* RulerScaleUITests */,
			);
		};
/* End PBXProject section */

/* Begin PBXResourcesBuildPhase section */
		1DB2185E29050CFF00988B95 /* Resources */ = {
			isa = PBXResourcesBuildPhase;
			buildActionMask = 2147483647;
			files = (
				1DB2187029050D0000988B95 /* LaunchScreen.storyboard in Resources */,
				1DF4B66E290AB62D00C159C7 /* ScaleView.xib in Resources */,
				1DB2186D29050D0000988B95 /* Assets.xcassets in Resources */,
				1DB2186B29050CFF00988B95 /* Main.storyboard in Resources */,
			);
			runOnlyForDeploymentPostprocessing = 0;
		};
		1DB2187429050D0000988B95 /* Resources */ = {
			isa = PBXResourcesBuildPhase;
			buildActionMask = 2147483647;
			files = (
			);
			runOnlyForDeploymentPostprocessing = 0;
		};
		1DB2187E29050D0000988B95 /* Resources */ = {
			isa = PBXResourcesBuildPhase;
			buildActionMask = 2147483647;
			files = (
			);
			runOnlyForDeploymentPostprocessing = 0;
		};
/* End PBXResourcesBuildPhase section */

/* Begin PBXSourcesBuildPhase section */
		1DB2185C29050CFF00988B95 /* Sources */ = {
			isa = PBXSourcesBuildPhase;
			buildActionMask = 2147483647;
			files = (
				1DB2186829050CFF00988B95 /* ViewController.swift in Sources */,
				1DAD607029114D0600526E8F /* Vibrate.swift in Sources */,
				1D16B0C5290695D30034275E /* HandleView.swift in Sources */,
				1DB2189429050D6A00988B95 /* ScaleView.swift in Sources */,
				1DB2186429050CFF00988B95 /* AppDelegate.swift in Sources */,
				1DB2186629050CFF00988B95 /* SceneDelegate.swift in Sources */,
			);
			runOnlyForDeploymentPostprocessing = 0;
		};
		1DB2187229050D0000988B95 /* Sources */ = {
			isa = PBXSourcesBuildPhase;
			buildActionMask = 2147483647;
			files = (
				1DB2187B29050D0000988B95 /* RulerScaleTests.swift in Sources */,
			);
			runOnlyForDeploymentPostprocessing = 0;
		};
		1DB2187C29050D0000988B95 /* Sources */ = {
			isa = PBXSourcesBuildPhase;
			buildActionMask = 2147483647;
			files = (
				1DB2188729050D0000988B95 /* RulerScaleUITestsLaunchTests.swift in Sources */,
				1DB2188529050D0000988B95 /* RulerScaleUITests.swift in Sources */,
			);
			runOnlyForDeploymentPostprocessing = 0;
		};
/* End PBXSourcesBuildPhase section */

/* Begin PBXTargetDependency section */
		1DB2187829050D0000988B95 /* PBXTargetDependency */ = {
			isa = PBXTargetDependency;
			target = 1DB2185F29050CFF00988B95 /* RulerScale */;
			targetProxy = 1DB2187729050D0000988B95 /* PBXContainerItemProxy */;
		};
		1DB2188229050D0000988B95 /* PBXTargetDependency */ = {
			isa = PBXTargetDependency;
			target = 1DB2185F29050CFF00988B95 /* RulerScale */;
			targetProxy = 1DB2188129050D0000988B95 /* PBXContainerItemProxy */;
		};
/* End PBXTargetDependency section */

/* Begin PBXVariantGroup section */
		1DB2186929050CFF00988B95 /* Main.storyboard */ = {
			isa = PBXVariantGroup;
			children = (
				1DB2186A29050CFF00988B95 /* Base */,
			);
			name = Main.storyboard;
			sourceTree = "<group>";
		};
		1DB2186E29050D0000988B95 /* LaunchScreen.storyboard */ = {
			isa = PBXVariantGroup;
			children = (
				1DB2186F29050D0000988B95 /* Base */,
			);
			name = LaunchScreen.storyboard;
			sourceTree = "<group>";
		};
/* End PBXVariantGroup section */

/* Begin XCBuildConfiguration section */
		1DB2188829050D0000988B95 /* Debug */ = {
			isa = XCBuildConfiguration;
			buildSettings = {
				ALWAYS_SEARCH_USER_PATHS = NO;
				CLANG_ANALYZER_NONNULL = YES;
				CLANG_ANALYZER_NUMBER_OBJECT_CONVERSION = YES_AGGRESSIVE;
				CLANG_CXX_LANGUAGE_STANDARD = "gnu++20";
				CLANG_ENABLE_MODULES = YES;
				CLANG_ENABLE_OBJC_ARC = YES;
				CLANG_ENABLE_OBJC_WEAK = YES;
				CLANG_WARN_BLOCK_CAPTURE_AUTORELEASING = YES;
				CLANG_WARN_BOOL_CONVERSION = YES;
				CLANG_WARN_COMMA = YES;
				CLANG_WARN_CONSTANT_CONVERSION = YES;
				CLANG_WARN_DEPRECATED_OBJC_IMPLEMENTATIONS = YES;
				CLANG_WARN_DIRECT_OBJC_ISA_USAGE = YES_ERROR;
				CLANG_WARN_DOCUMENTATION_COMMENTS = YES;
				CLANG_WARN_EMPTY_BODY = YES;
				CLANG_WARN_ENUM_CONVERSION = YES;
				CLANG_WARN_INFINITE_RECURSION = YES;
				CLANG_WARN_INT_CONVERSION = YES;
				CLANG_WARN_NON_LITERAL_NULL_CONVERSION = YES;
				CLANG_WARN_OBJC_IMPLICIT_RETAIN_SELF = YES;
				CLANG_WARN_OBJC_LITERAL_CONVERSION = YES;
				CLANG_WARN_OBJC_ROOT_CLASS = YES_ERROR;
				CLANG_WARN_QUOTED_INCLUDE_IN_FRAMEWORK_HEADER = YES;
				CLANG_WARN_RANGE_LOOP_ANALYSIS = YES;
				CLANG_WARN_STRICT_PROTOTYPES = YES;
				CLANG_WARN_SUSPICIOUS_MOVE = YES;
				CLANG_WARN_UNGUARDED_AVAILABILITY = YES_AGGRESSIVE;
				CLANG_WARN_UNREACHABLE_CODE = YES;
				CLANG_WARN__DUPLICATE_METHOD_MATCH = YES;
				COPY_PHASE_STRIP = NO;
				DEBUG_INFORMATION_FORMAT = dwarf;
				ENABLE_STRICT_OBJC_MSGSEND = YES;
				ENABLE_TESTABILITY = YES;
				GCC_C_LANGUAGE_STANDARD = gnu11;
				GCC_DYNAMIC_NO_PIC = NO;
				GCC_NO_COMMON_BLOCKS = YES;
				GCC_OPTIMIZATION_LEVEL = 0;
				GCC_PREPROCESSOR_DEFINITIONS = (
					"DEBUG=1",
					"$(inherited)",
				);
				GCC_WARN_64_TO_32_BIT_CONVERSION = YES;
				GCC_WARN_ABOUT_RETURN_TYPE = YES_ERROR;
				GCC_WARN_UNDECLARED_SELECTOR = YES;
				GCC_WARN_UNINITIALIZED_AUTOS = YES_AGGRESSIVE;
				GCC_WARN_UNUSED_FUNCTION = YES;
				GCC_WARN_UNUSED_VARIABLE = YES;
				IPHONEOS_DEPLOYMENT_TARGET = 16.0;
				MTL_ENABLE_DEBUG_INFO = INCLUDE_SOURCE;
				MTL_FAST_MATH = YES;
				ONLY_ACTIVE_ARCH = YES;
				SDKROOT = iphoneos;
				SWIFT_ACTIVE_COMPILATION_CONDITIONS = DEBUG;
				SWIFT_OPTIMIZATION_LEVEL = "-Onone";
			};
			name = Debug;
		};
		1DB2188929050D0000988B95 /* Release */ = {
			isa = XCBuildConfiguration;
			buildSettings = {
				ALWAYS_SEARCH_USER_PATHS = NO;
				CLANG_ANALYZER_NONNULL = YES;
				CLANG_ANALYZER_NUMBER_OBJECT_CONVERSION = YES_AGGRESSIVE;
				CLANG_CXX_LANGUAGE_STANDARD = "gnu++20";
				CLANG_ENABLE_MODULES = YES;
				CLANG_ENABLE_OBJC_ARC = YES;
				CLANG_ENABLE_OBJC_WEAK = YES;
				CLANG_WARN_BLOCK_CAPTURE_AUTORELEASING = YES;
				CLANG_WARN_BOOL_CONVERSION = YES;
				CLANG_WARN_COMMA = YES;
				CLANG_WARN_CONSTANT_CONVERSION = YES;
				CLANG_WARN_DEPRECATED_OBJC_IMPLEMENTATIONS = YES;
				CLANG_WARN_DIRECT_OBJC_ISA_USAGE = YES_ERROR;
				CLANG_WARN_DOCUMENTATION_COMMENTS = YES;
				CLANG_WARN_EMPTY_BODY = YES;
				CLANG_WARN_ENUM_CONVERSION = YES;
				CLANG_WARN_INFINITE_RECURSION = YES;
				CLANG_WARN_INT_CONVERSION = YES;
				CLANG_WARN_NON_LITERAL_NULL_CONVERSION = YES;
				CLANG_WARN_OBJC_IMPLICIT_RETAIN_SELF = YES;
				CLANG_WARN_OBJC_LITERAL_CONVERSION = YES;
				CLANG_WARN_OBJC_ROOT_CLASS = YES_ERROR;
				CLANG_WARN_QUOTED_INCLUDE_IN_FRAMEWORK_HEADER = YES;
				CLANG_WARN_RANGE_LOOP_ANALYSIS = YES;
				CLANG_WARN_STRICT_PROTOTYPES = YES;
				CLANG_WARN_SUSPICIOUS_MOVE = YES;
				CLANG_WARN_UNGUARDED_AVAILABILITY = YES_AGGRESSIVE;
				CLANG_WARN_UNREACHABLE_CODE = YES;
				CLANG_WARN__DUPLICATE_METHOD_MATCH = YES;
				COPY_PHASE_STRIP = NO;
				DEBUG_INFORMATION_FORMAT = "dwarf-with-dsym";
				ENABLE_NS_ASSERTIONS = NO;
				ENABLE_STRICT_OBJC_MSGSEND = YES;
				GCC_C_LANGUAGE_STANDARD = gnu11;
				GCC_NO_COMMON_BLOCKS = YES;
				GCC_WARN_64_TO_32_BIT_CONVERSION = YES;
				GCC_WARN_ABOUT_RETURN_TYPE = YES_ERROR;
				GCC_WARN_UNDECLARED_SELECTOR = YES;
				GCC_WARN_UNINITIALIZED_AUTOS = YES_AGGRESSIVE;
				GCC_WARN_UNUSED_FUNCTION = YES;
				GCC_WARN_UNUSED_VARIABLE = YES;
				IPHONEOS_DEPLOYMENT_TARGET = 16.0;
				MTL_ENABLE_DEBUG_INFO = NO;
				MTL_FAST_MATH = YES;
				SDKROOT = iphoneos;
				SWIFT_COMPILATION_MODE = wholemodule;
				SWIFT_OPTIMIZATION_LEVEL = "-O";
				VALIDATE_PRODUCT = YES;
			};
			name = Release;
		};
		1DB2188B29050D0000988B95 /* Debug */ = {
			isa = XCBuildConfiguration;
			buildSettings = {
				ASSETCATALOG_COMPILER_APPICON_NAME = AppIcon;
				ASSETCATALOG_COMPILER_GLOBAL_ACCENT_COLOR_NAME = AccentColor;
				CODE_SIGN_STYLE = Automatic;
				CURRENT_PROJECT_VERSION = 1;
				DEVELOPMENT_TEAM = U7Z9T3JC8X;
				GENERATE_INFOPLIST_FILE = YES;
				INFOPLIST_FILE = RulerScale/Info.plist;
				INFOPLIST_KEY_UIApplicationSupportsIndirectInputEvents = YES;
				INFOPLIST_KEY_UILaunchStoryboardName = LaunchScreen;
				INFOPLIST_KEY_UIMainStoryboardFile = Main;
				INFOPLIST_KEY_UISupportedInterfaceOrientations_iPad = "UIInterfaceOrientationPortrait UIInterfaceOrientationPortraitUpsideDown UIInterfaceOrientationLandscapeLeft UIInterfaceOrientationLandscapeRight";
				INFOPLIST_KEY_UISupportedInterfaceOrientations_iPhone = "UIInterfaceOrientationPortrait UIInterfaceOrientationLandscapeLeft UIInterfaceOrientationLandscapeRight";
				IPHONEOS_DEPLOYMENT_TARGET = 15.0;
				LD_RUNPATH_SEARCH_PATHS = (
					"$(inherited)",
					"@executable_path/Frameworks",
				);
				MARKETING_VERSION = 1.0;
				PRODUCT_BUNDLE_IDENTIFIER = com.demo.RulerScale;
				PRODUCT_NAME = "$(TARGET_NAME)";
				SWIFT_EMIT_LOC_STRINGS = YES;
				SWIFT_VERSION = 5.0;
				TARGETED_DEVICE_FAMILY = "1,2";
			};
			name = Debug;
		};
		1DB2188C29050D0000988B95 /* Release */ = {
			isa = XCBuildConfiguration;
			buildSettings = {
				ASSETCATALOG_COMPILER_APPICON_NAME = AppIcon;
				ASSETCATALOG_COMPILER_GLOBAL_ACCENT_COLOR_NAME = AccentColor;
				CODE_SIGN_STYLE = Automatic;
				CURRENT_PROJECT_VERSION = 1;
				DEVELOPMENT_TEAM = U7Z9T3JC8X;
				GENERATE_INFOPLIST_FILE = YES;
				INFOPLIST_FILE = RulerScale/Info.plist;
				INFOPLIST_KEY_UIApplicationSupportsIndirectInputEvents = YES;
				INFOPLIST_KEY_UILaunchStoryboardName = LaunchScreen;
				INFOPLIST_KEY_UIMainStoryboardFile = Main;
				INFOPLIST_KEY_UISupportedInterfaceOrientations_iPad = "UIInterfaceOrientationPortrait UIInterfaceOrientationPortraitUpsideDown UIInterfaceOrientationLandscapeLeft UIInterfaceOrientationLandscapeRight";
				INFOPLIST_KEY_UISupportedInterfaceOrientations_iPhone = "UIInterfaceOrientationPortrait UIInterfaceOrientationLandscapeLeft UIInterfaceOrientationLandscapeRight";
				IPHONEOS_DEPLOYMENT_TARGET = 15.0;
				LD_RUNPATH_SEARCH_PATHS = (
					"$(inherited)",
					"@executable_path/Frameworks",
				);
				MARKETING_VERSION = 1.0;
				PRODUCT_BUNDLE_IDENTIFIER = com.demo.RulerScale;
				PRODUCT_NAME = "$(TARGET_NAME)";
				SWIFT_EMIT_LOC_STRINGS = YES;
				SWIFT_VERSION = 5.0;
				TARGETED_DEVICE_FAMILY = "1,2";
			};
			name = Release;
		};
		1DB2188E29050D0000988B95 /* Debug */ = {
			isa = XCBuildConfiguration;
			buildSettings = {
				ALWAYS_EMBED_SWIFT_STANDARD_LIBRARIES = YES;
				BUNDLE_LOADER = "$(TEST_HOST)";
				CODE_SIGN_STYLE = Automatic;
				CURRENT_PROJECT_VERSION = 1;
				DEVELOPMENT_TEAM = U7Z9T3JC8X;
				GENERATE_INFOPLIST_FILE = YES;
				IPHONEOS_DEPLOYMENT_TARGET = 16.0;
				MARKETING_VERSION = 1.0;
				PRODUCT_BUNDLE_IDENTIFIER = com.demo.RulerScaleTests;
				PRODUCT_NAME = "$(TARGET_NAME)";
				SWIFT_EMIT_LOC_STRINGS = NO;
				SWIFT_VERSION = 5.0;
				TARGETED_DEVICE_FAMILY = "1,2";
				TEST_HOST = "$(BUILT_PRODUCTS_DIR)/RulerScale.app/$(BUNDLE_EXECUTABLE_FOLDER_PATH)/RulerScale";
			};
			name = Debug;
		};
		1DB2188F29050D0000988B95 /* Release */ = {
			isa = XCBuildConfiguration;
			buildSettings = {
				ALWAYS_EMBED_SWIFT_STANDARD_LIBRARIES = YES;
				BUNDLE_LOADER = "$(TEST_HOST)";
				CODE_SIGN_STYLE = Automatic;
				CURRENT_PROJECT_VERSION = 1;
				DEVELOPMENT_TEAM = U7Z9T3JC8X;
				GENERATE_INFOPLIST_FILE = YES;
				IPHONEOS_DEPLOYMENT_TARGET = 16.0;
				MARKETING_VERSION = 1.0;
				PRODUCT_BUNDLE_IDENTIFIER = com.demo.RulerScaleTests;
				PRODUCT_NAME = "$(TARGET_NAME)";
				SWIFT_EMIT_LOC_STRINGS = NO;
				SWIFT_VERSION = 5.0;
				TARGETED_DEVICE_FAMILY = "1,2";
				TEST_HOST = "$(BUILT_PRODUCTS_DIR)/RulerScale.app/$(BUNDLE_EXECUTABLE_FOLDER_PATH)/RulerScale";
			};
			name = Release;
		};
		1DB2189129050D0000988B95 /* Debug */ = {
			isa = XCBuildConfiguration;
			buildSettings = {
				ALWAYS_EMBED_SWIFT_STANDARD_LIBRARIES = YES;
				CODE_SIGN_STYLE = Automatic;
				CURRENT_PROJECT_VERSION = 1;
				DEVELOPMENT_TEAM = U7Z9T3JC8X;
				GENERATE_INFOPLIST_FILE = YES;
				MARKETING_VERSION = 1.0;
				PRODUCT_BUNDLE_IDENTIFIER = com.demo.RulerScaleUITests;
				PRODUCT_NAME = "$(TARGET_NAME)";
				SWIFT_EMIT_LOC_STRINGS = NO;
				SWIFT_VERSION = 5.0;
				TARGETED_DEVICE_FAMILY = "1,2";
				TEST_TARGET_NAME = RulerScale;
			};
			name = Debug;
		};
		1DB2189229050D0000988B95 /* Release */ = {
			isa = XCBuildConfiguration;
			buildSettings = {
				ALWAYS_EMBED_SWIFT_STANDARD_LIBRARIES = YES;
				CODE_SIGN_STYLE = Automatic;
				CURRENT_PROJECT_VERSION = 1;
				DEVELOPMENT_TEAM = U7Z9T3JC8X;
				GENERATE_INFOPLIST_FILE = YES;
				MARKETING_VERSION = 1.0;
				PRODUCT_BUNDLE_IDENTIFIER = com.demo.RulerScaleUITests;
				PRODUCT_NAME = "$(TARGET_NAME)";
				SWIFT_EMIT_LOC_STRINGS = NO;
				SWIFT_VERSION = 5.0;
				TARGETED_DEVICE_FAMILY = "1,2";
				TEST_TARGET_NAME = RulerScale;
			};
			name = Release;
		};
/* End XCBuildConfiguration section */

/* Begin XCConfigurationList section */
		1DB2185B29050CFF00988B95 /* Build configuration list for PBXProject "RulerScale" */ = {
			isa = XCConfigurationList;
			buildConfigurations = (
				1DB2188829050D0000988B95 /* Debug */,
				1DB2188929050D0000988B95 /* Release */,
			);
			defaultConfigurationIsVisible = 0;
			defaultConfigurationName = Release;
		};
		1DB2188A29050D0000988B95 /* Build configuration list for PBXNativeTarget "RulerScale" */ = {
			isa = XCConfigurationList;
			buildConfigurations = (
				1DB2188B29050D0000988B95 /* Debug */,
				1DB2188C29050D0000988B95 /* Release */,
			);
			defaultConfigurationIsVisible = 0;
			defaultConfigurationName = Release;
		};
		1DB2188D29050D0000988B95 /* Build configuration list for PBXNativeTarget "RulerScaleTests" */ = {
			isa = XCConfigurationList;
			buildConfigurations = (
				1DB2188E29050D0000988B95 /* Debug */,
				1DB2188F29050D0000988B95 /* Release */,
			);
			defaultConfigurationIsVisible = 0;
			defaultConfigurationName = Release;
		};
		1DB2189029050D0000988B95 /* Build configuration list for PBXNativeTarget "RulerScaleUITests" */ = {
			isa = XCConfigurationList;
			buildConfigurations = (
				1DB2189129050D0000988B95 /* Debug */,
				1DB2189229050D0000988B95 /* Release */,
			);
			defaultConfigurationIsVisible = 0;
			defaultConfigurationName = Release;
		};
/* End XCConfigurationList section */
	};
	rootObject = 1DB2185829050CFF00988B95 /* Project object */;
}
